
Microsoft Visual Studio Solution File, Format Version 12.00
# Visual Studio Version 17
VisualStudioVersion = 17.8.34309.116
MinimumVisualStudioVersion = 10.0.40219.1
Project("{2150E333-8FDC-42A3-9474-1A3956D46DE8}") = "Services", "Services", "{BBCE1F6C-562C-4567-8E5F-8E3AB5D9C784}"
EndProject
Project("{2150E333-8FDC-42A3-9474-1A3956D46DE8}") = "BuldingBlocks", "BuldingBlocks", "{F9D7F82C-F6D5-47F8-BECB-E42B013A96C6}"
EndProject
Project("{9A19103F-16F7-4668-BE54-9A1E7A4F7556}") = "SmartHotel.Abstraction", "BuildingBlock\SmartTicket.Exceptions.Abstraction\SmartHotel.Abstraction.csproj", "{0E05B2FD-1B2C-4792-8D5F-75058282F80B}"
EndProject
Project("{9A19103F-16F7-4668-BE54-9A1E7A4F7556}") = "SmartHotel.Infrastructure", "BuildingBlock\SmartTicket.Infrastructure\SmartHotel.Infrastructure.csproj", "{B4B897F7-7960-4AEE-8FCC-BABC9A277CEF}"
EndProject
Project("{E53339B2-1760-4266-BCC7-CA923CBCF16C}") = "docker-compose", "docker-compose.dcproj", "{8DB80E44-D370-4BDE-A123-2D3A5BA9C473}"
EndProject
Project("{2150E333-8FDC-42A3-9474-1A3956D46DE8}") = "Shared", "Shared", "{BEB12525-6CCB-4AF8-A0DB-A36935DCEB7B}"
EndProject
Project("{9A19103F-16F7-4668-BE54-9A1E7A4F7556}") = "SmartHotel.AuthenticationService", "Services\Authentication\SmartHotel.AuthenticationService.csproj", "{93EF730A-0095-4F73-B69E-473248CCE656}"
EndProject
Project("{9A19103F-16F7-4668-BE54-9A1E7A4F7556}") = "SmartHotel..BookingService", "Services\Booking\SmartHotel..BookingService.csproj", "{5B10BAC3-C1CA-4AF4-B842-6B0958FC202D}"
EndProject
Project("{9A19103F-16F7-4668-BE54-9A1E7A4F7556}") = "SmartHotel..GatewayService", "Services\GatewayService\SmartHotel..GatewayService.csproj", "{20280EF2-51CC-45B4-A2EA-9DB06BAA8029}"
EndProject
Project("{9A19103F-16F7-4668-BE54-9A1E7A4F7556}") = "SmartHotel.PaymentService", "Services\PaymentService\SmartHotel.PaymentService.csproj", "{1F72E39F-6538-4E59-8617-6F273A64A5A4}"
EndProject
Project("{9A19103F-16F7-4668-BE54-9A1E7A4F7556}") = "FakePaymentGatewayService", "Services\PaymentGatewayService\FakePaymentGatewayService.csproj", "{7B1EDD62-2FDC-47A7-BD78-33FA509D9005}"
EndProject
Project("{9A19103F-16F7-4668-BE54-9A1E7A4F7556}") = "SmartHotel.RoomService", "Services\RoomService\SmartHotel.RoomService.csproj", "{B9432CE6-9F59-40D2-AAE2-73F3E7B626B4}"
EndProject
Project("{9A19103F-16F7-4668-BE54-9A1E7A4F7556}") = "Service.Shared", "Services\Service.Shared\Service.Shared.csproj", "{2118B64C-04E5-425D-A2E3-736AD2179B97}"
EndProject
Project("{9A19103F-16F7-4668-BE54-9A1E7A4F7556}") = "SmartHotel.Core", "BuildingBlock\SmartTicket.Core\SmartHotel.Core.csproj", "{83CD9A1A-DD23-45E9-B151-3C8F3D42F3D4}"
EndProject
Project("{2150E333-8FDC-42A3-9474-1A3956D46DE8}") = "Testing", "Testing", "{896DCA12-7B61-4C78-9CAA-D70829224AB0}"
EndProject
Project("{FAE04EC0-301F-11D3-BF4B-00C04F79EFBC}") = "BookingService.Testing", "UnitTest\BookingService.Testing\BookingService.Testing.csproj", "{57685EAA-9DED-4F5A-A8AD-77164AEB2AED}"
EndProject
Global
	GlobalSection(SolutionConfigurationPlatforms) = preSolution
		Debug|Any CPU = Debug|Any CPU
		Release|Any CPU = Release|Any CPU
	EndGlobalSection
	GlobalSection(ProjectConfigurationPlatforms) = postSolution
		{0E05B2FD-1B2C-4792-8D5F-75058282F80B}.Debug|Any CPU.ActiveCfg = Debug|Any CPU
		{0E05B2FD-1B2C-4792-8D5F-75058282F80B}.Debug|Any CPU.Build.0 = Debug|Any CPU
		{0E05B2FD-1B2C-4792-8D5F-75058282F80B}.Release|Any CPU.ActiveCfg = Release|Any CPU
		{0E05B2FD-1B2C-4792-8D5F-75058282F80B}.Release|Any CPU.Build.0 = Release|Any CPU
		{B4B897F7-7960-4AEE-8FCC-BABC9A277CEF}.Debug|Any CPU.ActiveCfg = Debug|Any CPU
		{B4B897F7-7960-4AEE-8FCC-BABC9A277CEF}.Debug|Any CPU.Build.0 = Debug|Any CPU
		{B4B897F7-7960-4AEE-8FCC-BABC9A277CEF}.Release|Any CPU.ActiveCfg = Release|Any CPU
		{B4B897F7-7960-4AEE-8FCC-BABC9A277CEF}.Release|Any CPU.Build.0 = Release|Any CPU
		{8DB80E44-D370-4BDE-A123-2D3A5BA9C473}.Debug|Any CPU.ActiveCfg = Debug|Any CPU
		{8DB80E44-D370-4BDE-A123-2D3A5BA9C473}.Debug|Any CPU.Build.0 = Debug|Any CPU
		{8DB80E44-D370-4BDE-A123-2D3A5BA9C473}.Release|Any CPU.ActiveCfg = Release|Any CPU
		{8DB80E44-D370-4BDE-A123-2D3A5BA9C473}.Release|Any CPU.Build.0 = Release|Any CPU
		{93EF730A-0095-4F73-B69E-473248CCE656}.Debug|Any CPU.ActiveCfg = Debug|Any CPU
		{93EF730A-0095-4F73-B69E-473248CCE656}.Debug|Any CPU.Build.0 = Debug|Any CPU
		{93EF730A-0095-4F73-B69E-473248CCE656}.Release|Any CPU.ActiveCfg = Release|Any CPU
		{93EF730A-0095-4F73-B69E-473248CCE656}.Release|Any CPU.Build.0 = Release|Any CPU
		{5B10BAC3-C1CA-4AF4-B842-6B0958FC202D}.Debug|Any CPU.ActiveCfg = Debug|Any CPU
		{5B10BAC3-C1CA-4AF4-B842-6B0958FC202D}.Debug|Any CPU.Build.0 = Debug|Any CPU
		{5B10BAC3-C1CA-4AF4-B842-6B0958FC202D}.Release|Any CPU.ActiveCfg = Release|Any CPU
		{5B10BAC3-C1CA-4AF4-B842-6B0958FC202D}.Release|Any CPU.Build.0 = Release|Any CPU
		{20280EF2-51CC-45B4-A2EA-9DB06BAA8029}.Debug|Any CPU.ActiveCfg = Debug|Any CPU
		{20280EF2-51CC-45B4-A2EA-9DB06BAA8029}.Debug|Any CPU.Build.0 = Debug|Any CPU
		{20280EF2-51CC-45B4-A2EA-9DB06BAA8029}.Release|Any CPU.ActiveCfg = Release|Any CPU
		{20280EF2-51CC-45B4-A2EA-9DB06BAA8029}.Release|Any CPU.Build.0 = Release|Any CPU
		{1F72E39F-6538-4E59-8617-6F273A64A5A4}.Debug|Any CPU.ActiveCfg = Debug|Any CPU
		{1F72E39F-6538-4E59-8617-6F273A64A5A4}.Debug|Any CPU.Build.0 = Debug|Any CPU
		{1F72E39F-6538-4E59-8617-6F273A64A5A4}.Release|Any CPU.ActiveCfg = Release|Any CPU
		{1F72E39F-6538-4E59-8617-6F273A64A5A4}.Release|Any CPU.Build.0 = Release|Any CPU
		{7B1EDD62-2FDC-47A7-BD78-33FA509D9005}.Debug|Any CPU.ActiveCfg = Debug|Any CPU
		{7B1EDD62-2FDC-47A7-BD78-33FA509D9005}.Debug|Any CPU.Build.0 = Debug|Any CPU
		{7B1EDD62-2FDC-47A7-BD78-33FA509D9005}.Release|Any CPU.ActiveCfg = Release|Any CPU
		{7B1EDD62-2FDC-47A7-BD78-33FA509D9005}.Release|Any CPU.Build.0 = Release|Any CPU
		{B9432CE6-9F59-40D2-AAE2-73F3E7B626B4}.Debug|Any CPU.ActiveCfg = Debug|Any CPU
		{B9432CE6-9F59-40D2-AAE2-73F3E7B626B4}.Debug|Any CPU.Build.0 = Debug|Any CPU
		{B9432CE6-9F59-40D2-AAE2-73F3E7B626B4}.Release|Any CPU.ActiveCfg = Release|Any CPU
		{B9432CE6-9F59-40D2-AAE2-73F3E7B626B4}.Release|Any CPU.Build.0 = Release|Any CPU
		{2118B64C-04E5-425D-A2E3-736AD2179B97}.Debug|Any CPU.ActiveCfg = Debug|Any CPU
		{2118B64C-04E5-425D-A2E3-736AD2179B97}.Debug|Any CPU.Build.0 = Debug|Any CPU
		{2118B64C-04E5-425D-A2E3-736AD2179B97}.Release|Any CPU.ActiveCfg = Release|Any CPU
		{2118B64C-04E5-425D-A2E3-736AD2179B97}.Release|Any CPU.Build.0 = Release|Any CPU
		{83CD9A1A-DD23-45E9-B151-3C8F3D42F3D4}.Debug|Any CPU.ActiveCfg = Debug|Any CPU
		{83CD9A1A-DD23-45E9-B151-3C8F3D42F3D4}.Debug|Any CPU.Build.0 = Debug|Any CPU
		{83CD9A1A-DD23-45E9-B151-3C8F3D42F3D4}.Release|Any CPU.ActiveCfg = Release|Any CPU
		{83CD9A1A-DD23-45E9-B151-3C8F3D42F3D4}.Release|Any CPU.Build.0 = Release|Any CPU
		{57685EAA-9DED-4F5A-A8AD-77164AEB2AED}.Debug|Any CPU.ActiveCfg = Debug|Any CPU
		{57685EAA-9DED-4F5A-A8AD-77164AEB2AED}.Debug|Any CPU.Build.0 = Debug|Any CPU
		{57685EAA-9DED-4F5A-A8AD-77164AEB2AED}.Release|Any CPU.ActiveCfg = Release|Any CPU
		{57685EAA-9DED-4F5A-A8AD-77164AEB2AED}.Release|Any CPU.Build.0 = Release|Any CPU
	EndGlobalSection
	GlobalSection(SolutionProperties) = preSolution
		HideSolutionNode = FALSE
	EndGlobalSection
	GlobalSection(NestedProjects) = preSolution
		{0E05B2FD-1B2C-4792-8D5F-75058282F80B} = {F9D7F82C-F6D5-47F8-BECB-E42B013A96C6}
		{B4B897F7-7960-4AEE-8FCC-BABC9A277CEF} = {F9D7F82C-F6D5-47F8-BECB-E42B013A96C6}
		{BEB12525-6CCB-4AF8-A0DB-A36935DCEB7B} = {BBCE1F6C-562C-4567-8E5F-8E3AB5D9C784}
		{93EF730A-0095-4F73-B69E-473248CCE656} = {BBCE1F6C-562C-4567-8E5F-8E3AB5D9C784}
		{5B10BAC3-C1CA-4AF4-B842-6B0958FC202D} = {BBCE1F6C-562C-4567-8E5F-8E3AB5D9C784}
		{20280EF2-51CC-45B4-A2EA-9DB06BAA8029} = {BBCE1F6C-562C-4567-8E5F-8E3AB5D9C784}
		{1F72E39F-6538-4E59-8617-6F273A64A5A4} = {BBCE1F6C-562C-4567-8E5F-8E3AB5D9C784}
		{7B1EDD62-2FDC-47A7-BD78-33FA509D9005} = {BBCE1F6C-562C-4567-8E5F-8E3AB5D9C784}
		{B9432CE6-9F59-40D2-AAE2-73F3E7B626B4} = {BBCE1F6C-562C-4567-8E5F-8E3AB5D9C784}
		{2118B64C-04E5-425D-A2E3-736AD2179B97} = {BEB12525-6CCB-4AF8-A0DB-A36935DCEB7B}
		{83CD9A1A-DD23-45E9-B151-3C8F3D42F3D4} = {F9D7F82C-F6D5-47F8-BECB-E42B013A96C6}
		{57685EAA-9DED-4F5A-A8AD-77164AEB2AED} = {896DCA12-7B61-4C78-9CAA-D70829224AB0}
	EndGlobalSection
	GlobalSection(ExtensibilityGlobals) = postSolution
		SolutionGuid = {E627DB1E-A376-483C-AE15-3DBAA7FB83AB}
	EndGlobalSection
EndGlobal
